// !$*UTF8*$!
{
	archiveVersion = 1;
	classes = {
	};
	objectVersion = 55;
	objects = {

/* Begin PBXBuildFile section */
		5D7FDCE328A95169009934DF /* GameStreamApp.swift in Sources */ = {isa = PBXBuildFile; fileRef = 5D7FDCE228A95169009934DF /* GameStreamApp.swift */; };
		5D7FDCE528A95169009934DF /* ContentView.swift in Sources */ = {isa = PBXBuildFile; fileRef = 5D7FDCE428A95169009934DF /* ContentView.swift */; };
		5D7FDCE728A9516B009934DF /* Assets.xcassets in Resources */ = {isa = PBXBuildFile; fileRef = 5D7FDCE628A9516B009934DF /* Assets.xcassets */; };
		5D7FDCEA28A9516B009934DF /* Preview Assets.xcassets in Resources */ = {isa = PBXBuildFile; fileRef = 5D7FDCE928A9516B009934DF /* Preview Assets.xcassets */; };
		5D7FDCF428A9516B009934DF /* GameStreamTests.swift in Sources */ = {isa = PBXBuildFile; fileRef = 5D7FDCF328A9516B009934DF /* GameStreamTests.swift */; };
		5D7FDCFE28A9516B009934DF /* GameStreamUITests.swift in Sources */ = {isa = PBXBuildFile; fileRef = 5D7FDCFD28A9516B009934DF /* GameStreamUITests.swift */; };
		5D7FDD0028A9516B009934DF /* GameStreamUITestsLaunchTests.swift in Sources */ = {isa = PBXBuildFile; fileRef = 5D7FDCFF28A9516B009934DF /* GameStreamUITestsLaunchTests.swift */; };
		5D7FDD0D28A957DC009934DF /* HomeView.swift in Sources */ = {isa = PBXBuildFile; fileRef = 5D7FDD0C28A957DC009934DF /* HomeView.swift */; };
		5D7FDD1028A95F94009934DF /* LoginView.swift in Sources */ = {isa = PBXBuildFile; fileRef = 5D7FDD0F28A95F94009934DF /* LoginView.swift */; };
		5D7FDD1228A95FA4009934DF /* RegisterView.swift in Sources */ = {isa = PBXBuildFile; fileRef = 5D7FDD1128A95FA4009934DF /* RegisterView.swift */; };
/* End PBXBuildFile section */

/* Begin PBXContainerItemProxy section */
		5D7FDCF028A9516B009934DF /* PBXContainerItemProxy */ = {
			isa = PBXContainerItemProxy;
			containerPortal = 5D7FDCD728A95169009934DF /* Project object */;
			proxyType = 1;
			remoteGlobalIDString = 5D7FDCDE28A95169009934DF;
			remoteInfo = GameStream;
		};
		5D7FDCFA28A9516B009934DF /* PBXContainerItemProxy */ = {
			isa = PBXContainerItemProxy;
			containerPortal = 5D7FDCD728A95169009934DF /* Project object */;
			proxyType = 1;
			remoteGlobalIDString = 5D7FDCDE28A95169009934DF;
			remoteInfo = GameStream;
		};
/* End PBXContainerItemProxy section */

/* Begin PBXFileReference section */
		5D7FDCDF28A95169009934DF /* GameStream.app */ = {isa = PBXFileReference; explicitFileType = wrapper.application; includeInIndex = 0; path = GameStream.app; sourceTree = BUILT_PRODUCTS_DIR; };
		5D7FDCE228A95169009934DF /* GameStreamApp.swift */ = {isa = PBXFileReference; lastKnownFileType = sourcecode.swift; path = GameStreamApp.swift; sourceTree = "<group>"; };
		5D7FDCE428A95169009934DF /* ContentView.swift */ = {isa = PBXFileReference; lastKnownFileType = sourcecode.swift; path = ContentView.swift; sourceTree = "<group>"; };
		5D7FDCE628A9516B009934DF /* Assets.xcassets */ = {isa = PBXFileReference; lastKnownFileType = folder.assetcatalog; path = Assets.xcassets; sourceTree = "<group>"; };
		5D7FDCE928A9516B009934DF /* Preview Assets.xcassets */ = {isa = PBXFileReference; lastKnownFileType = folder.assetcatalog; path = "Preview Assets.xcassets"; sourceTree = "<group>"; };
		5D7FDCEF28A9516B009934DF /* GameStreamTests.xctest */ = {isa = PBXFileReference; explicitFileType = wrapper.cfbundle; includeInIndex = 0; path = GameStreamTests.xctest; sourceTree = BUILT_PRODUCTS_DIR; };
		5D7FDCF328A9516B009934DF /* GameStreamTests.swift */ = {isa = PBXFileReference; lastKnownFileType = sourcecode.swift; path = GameStreamTests.swift; sourceTree = "<group>"; };
		5D7FDCF928A9516B009934DF /* GameStreamUITests.xctest */ = {isa = PBXFileReference; explicitFileType = wrapper.cfbundle; includeInIndex = 0; path = GameStreamUITests.xctest; sourceTree = BUILT_PRODUCTS_DIR; };
		5D7FDCFD28A9516B009934DF /* GameStreamUITests.swift */ = {isa = PBXFileReference; lastKnownFileType = sourcecode.swift; path = GameStreamUITests.swift; sourceTree = "<group>"; };
		5D7FDCFF28A9516B009934DF /* GameStreamUITestsLaunchTests.swift */ = {isa = PBXFileReference; lastKnownFileType = sourcecode.swift; path = GameStreamUITestsLaunchTests.swift; sourceTree = "<group>"; };
		5D7FDD0C28A957DC009934DF /* HomeView.swift */ = {isa = PBXFileReference; lastKnownFileType = sourcecode.swift; path = HomeView.swift; sourceTree = "<group>"; };
		5D7FDD0F28A95F94009934DF /* LoginView.swift */ = {isa = PBXFileReference; lastKnownFileType = sourcecode.swift; path = LoginView.swift; sourceTree = "<group>"; };
		5D7FDD1128A95FA4009934DF /* RegisterView.swift */ = {isa = PBXFileReference; lastKnownFileType = sourcecode.swift; path = RegisterView.swift; sourceTree = "<group>"; };
/* End PBXFileReference section */

/* Begin PBXFrameworksBuildPhase section */
		5D7FDCDC28A95169009934DF /* Frameworks */ = {
			isa = PBXFrameworksBuildPhase;
			buildActionMask = 2147483647;
			files = (
			);
			runOnlyForDeploymentPostprocessing = 0;
		};
		5D7FDCEC28A9516B009934DF /* Frameworks */ = {
			isa = PBXFrameworksBuildPhase;
			buildActionMask = 2147483647;
			files = (
			);
			runOnlyForDeploymentPostprocessing = 0;
		};
		5D7FDCF628A9516B009934DF /* Frameworks */ = {
			isa = PBXFrameworksBuildPhase;
			buildActionMask = 2147483647;
			files = (
			);
			runOnlyForDeploymentPostprocessing = 0;
		};
/* End PBXFrameworksBuildPhase section */

/* Begin PBXGroup section */
		5D7FDCD628A95169009934DF = {
			isa = PBXGroup;
			children = (
				5D7FDCE128A95169009934DF /* GameStream */,
				5D7FDCF228A9516B009934DF /* GameStreamTests */,
				5D7FDCFC28A9516B009934DF /* GameStreamUITests */,
				5D7FDCE028A95169009934DF /* Products */,
			);
			sourceTree = "<group>";
		};
		5D7FDCE028A95169009934DF /* Products */ = {
			isa = PBXGroup;
			children = (
				5D7FDCDF28A95169009934DF /* GameStream.app */,
				5D7FDCEF28A9516B009934DF /* GameStreamTests.xctest */,
				5D7FDCF928A9516B009934DF /* GameStreamUITests.xctest */,
			);
			name = Products;
			sourceTree = "<group>";
		};
		5D7FDCE128A95169009934DF /* GameStream */ = {
			isa = PBXGroup;
			children = (
				5D7FDD0E28A95F69009934DF /* Home */,
				5D7FDCE628A9516B009934DF /* Assets.xcassets */,
				5D7FDCE428A95169009934DF /* ContentView.swift */,
				5D7FDCE228A95169009934DF /* GameStreamApp.swift */,
				5D7FDCE828A9516B009934DF /* Preview Content */,
			);
			path = GameStream;
			sourceTree = "<group>";
		};
		5D7FDCE828A9516B009934DF /* Preview Content */ = {
			isa = PBXGroup;
			children = (
				5D7FDCE928A9516B009934DF /* Preview Assets.xcassets */,
			);
			path = "Preview Content";
			sourceTree = "<group>";
		};
		5D7FDCF228A9516B009934DF /* GameStreamTests */ = {
			isa = PBXGroup;
			children = (
				5D7FDCF328A9516B009934DF /* GameStreamTests.swift */,
			);
			path = GameStreamTests;
			sourceTree = "<group>";
		};
		5D7FDCFC28A9516B009934DF /* GameStreamUITests */ = {
			isa = PBXGroup;
			children = (
				5D7FDCFD28A9516B009934DF /* GameStreamUITests.swift */,
				5D7FDCFF28A9516B009934DF /* GameStreamUITestsLaunchTests.swift */,
			);
			path = GameStreamUITests;
			sourceTree = "<group>";
		};
		5D7FDD0E28A95F69009934DF /* Home */ = {
			isa = PBXGroup;
			children = (
				5D7FDD0C28A957DC009934DF /* HomeView.swift */,
				5D7FDD0F28A95F94009934DF /* LoginView.swift */,
				5D7FDD1128A95FA4009934DF /* RegisterView.swift */,
			);
			path = Home;
			sourceTree = "<group>";
		};
/* End PBXGroup section */

/* Begin PBXNativeTarget section */
		5D7FDCDE28A95169009934DF /* GameStream */ = {
			isa = PBXNativeTarget;
			buildConfigurationList = 5D7FDD0328A9516B009934DF /* Build configuration list for PBXNativeTarget "GameStream" */;
			buildPhases = (
				5D7FDCDB28A95169009934DF /* Sources */,
				5D7FDCDC28A95169009934DF /* Frameworks */,
				5D7FDCDD28A95169009934DF /* Resources */,
			);
			buildRules = (
			);
			dependencies = (
			);
			name = GameStream;
			productName = GameStream;
			productReference = 5D7FDCDF28A95169009934DF /* GameStream.app */;
			productType = "com.apple.product-type.application";
		};
		5D7FDCEE28A9516B009934DF /* GameStreamTests */ = {
			isa = PBXNativeTarget;
			buildConfigurationList = 5D7FDD0628A9516B009934DF /* Build configuration list for PBXNativeTarget "GameStreamTests" */;
			buildPhases = (
				5D7FDCEB28A9516B009934DF /* Sources */,
				5D7FDCEC28A9516B009934DF /* Frameworks */,
				5D7FDCED28A9516B009934DF /* Resources */,
			);
			buildRules = (
			);
			dependencies = (
				5D7FDCF128A9516B009934DF /* PBXTargetDependency */,
			);
			name = GameStreamTests;
			productName = GameStreamTests;
			productReference = 5D7FDCEF28A9516B009934DF /* GameStreamTests.xctest */;
			productType = "com.apple.product-type.bundle.unit-test";
		};
		5D7FDCF828A9516B009934DF /* GameStreamUITests */ = {
			isa = PBXNativeTarget;
			buildConfigurationList = 5D7FDD0928A9516B009934DF /* Build configuration list for PBXNativeTarget "GameStreamUITests" */;
			buildPhases = (
				5D7FDCF528A9516B009934DF /* Sources */,
				5D7FDCF628A9516B009934DF /* Frameworks */,
				5D7FDCF728A9516B009934DF /* Resources */,
			);
			buildRules = (
			);
			dependencies = (
				5D7FDCFB28A9516B009934DF /* PBXTargetDependency */,
			);
			name = GameStreamUITests;
			productName = GameStreamUITests;
			productReference = 5D7FDCF928A9516B009934DF /* GameStreamUITests.xctest */;
			productType = "com.apple.product-type.bundle.ui-testing";
		};
/* End PBXNativeTarget section */

/* Begin PBXProject section */
		5D7FDCD728A95169009934DF /* Project object */ = {
			isa = PBXProject;
			attributes = {
				BuildIndependentTargetsInParallel = 1;
				LastSwiftUpdateCheck = 1340;
				LastUpgradeCheck = 1340;
				TargetAttributes = {
					5D7FDCDE28A95169009934DF = {
						CreatedOnToolsVersion = 13.4.1;
					};
					5D7FDCEE28A9516B009934DF = {
						CreatedOnToolsVersion = 13.4.1;
						TestTargetID = 5D7FDCDE28A95169009934DF;
					};
					5D7FDCF828A9516B009934DF = {
						CreatedOnToolsVersion = 13.4.1;
						TestTargetID = 5D7FDCDE28A95169009934DF;
					};
				};
			};
			buildConfigurationList = 5D7FDCDA28A95169009934DF /* Build configuration list for PBXProject "GameStream" */;
			compatibilityVersion = "Xcode 13.0";
			developmentRegion = en;
			hasScannedForEncodings = 0;
			knownRegions = (
				en,
				Base,
			);
			mainGroup = 5D7FDCD628A95169009934DF;
			productRefGroup = 5D7FDCE028A95169009934DF /* Products */;
			projectDirPath = "";
			projectRoot = "";
			targets = (
				5D7FDCDE28A95169009934DF /* GameStream */,
				5D7FDCEE28A9516B009934DF /* GameStreamTests */,
				5D7FDCF828A9516B009934DF /* GameStreamUITests */,
			);
		};
/* End PBXProject section */

/* Begin PBXResourcesBuildPhase section */
		5D7FDCDD28A95169009934DF /* Resources */ = {
			isa = PBXResourcesBuildPhase;
			buildActionMask = 2147483647;
			files = (
				5D7FDCEA28A9516B009934DF /* Preview Assets.xcassets in Resources */,
				5D7FDCE728A9516B009934DF /* Assets.xcassets in Resources */,
			);
			runOnlyForDeploymentPostprocessing = 0;
		};
		5D7FDCED28A9516B009934DF /* Resources */ = {
			isa = PBXResourcesBuildPhase;
			buildActionMask = 2147483647;
			files = (
			);
			runOnlyForDeploymentPostprocessing = 0;
		};
		5D7FDCF728A9516B009934DF /* Resources */ = {
			isa = PBXResourcesBuildPhase;
			buildActionMask = 2147483647;
			files = (
			);
			runOnlyForDeploymentPostprocessing = 0;
		};
/* End PBXResourcesBuildPhase section */

/* Begin PBXSourcesBuildPhase section */
		5D7FDCDB28A95169009934DF /* Sources */ = {
			isa = PBXSourcesBuildPhase;
			buildActionMask = 2147483647;
			files = (
				5D7FDD0D28A957DC009934DF /* HomeView.swift in Sources */,
				5D7FDD1228A95FA4009934DF /* RegisterView.swift in Sources */,
				5D7FDCE528A95169009934DF /* ContentView.swift in Sources */,
				5D7FDD1028A95F94009934DF /* LoginView.swift in Sources */,
				5D7FDCE328A95169009934DF /* GameStreamApp.swift in Sources */,
			);
			runOnlyForDeploymentPostprocessing = 0;
		};
		5D7FDCEB28A9516B009934DF /* Sources */ = {
			isa = PBXSourcesBuildPhase;
			buildActionMask = 2147483647;
			files = (
				5D7FDCF428A9516B009934DF /* GameStreamTests.swift in Sources */,
			);
			runOnlyForDeploymentPostprocessing = 0;
		};
		5D7FDCF528A9516B009934DF /* Sources */ = {
			isa = PBXSourcesBuildPhase;
			buildActionMask = 2147483647;
			files = (
				5D7FDD0028A9516B009934DF /* GameStreamUITestsLaunchTests.swift in Sources */,
				5D7FDCFE28A9516B009934DF /* GameStreamUITests.swift in Sources */,
			);
			runOnlyForDeploymentPostprocessing = 0;
		};
/* End PBXSourcesBuildPhase section */

/* Begin PBXTargetDependency section */
		5D7FDCF128A9516B009934DF /* PBXTargetDependency */ = {
			isa = PBXTargetDependency;
			target = 5D7FDCDE28A95169009934DF /* GameStream */;
			targetProxy = 5D7FDCF028A9516B009934DF /* PBXContainerItemProxy */;
		};
		5D7FDCFB28A9516B009934DF /* PBXTargetDependency */ = {
			isa = PBXTargetDependency;
			target = 5D7FDCDE28A95169009934DF /* GameStream */;
			targetProxy = 5D7FDCFA28A9516B009934DF /* PBXContainerItemProxy */;
		};
/* End PBXTargetDependency section */

/* Begin XCBuildConfiguration section */
		5D7FDD0128A9516B009934DF /* Debug */ = {
			isa = XCBuildConfiguration;
			buildSettings = {
				ALWAYS_SEARCH_USER_PATHS = NO;
				CLANG_ANALYZER_NONNULL = YES;
				CLANG_ANALYZER_NUMBER_OBJECT_CONVERSION = YES_AGGRESSIVE;
				CLANG_CXX_LANGUAGE_STANDARD = "gnu++17";
				CLANG_ENABLE_MODULES = YES;
				CLANG_ENABLE_OBJC_ARC = YES;
				CLANG_ENABLE_OBJC_WEAK = YES;
				CLANG_WARN_BLOCK_CAPTURE_AUTORELEASING = YES;
				CLANG_WARN_BOOL_CONVERSION = YES;
				CLANG_WARN_COMMA = YES;
				CLANG_WARN_CONSTANT_CONVERSION = YES;
				CLANG_WARN_DEPRECATED_OBJC_IMPLEMENTATIONS = YES;
				CLANG_WARN_DIRECT_OBJC_ISA_USAGE = YES_ERROR;
				CLANG_WARN_DOCUMENTATION_COMMENTS = YES;
				CLANG_WARN_EMPTY_BODY = YES;
				CLANG_WARN_ENUM_CONVERSION = YES;
				CLANG_WARN_INFINITE_RECURSION = YES;
				CLANG_WARN_INT_CONVERSION = YES;
				CLANG_WARN_NON_LITERAL_NULL_CONVERSION = YES;
				CLANG_WARN_OBJC_IMPLICIT_RETAIN_SELF = YES;
				CLANG_WARN_OBJC_LITERAL_CONVERSION = YES;
				CLANG_WARN_OBJC_ROOT_CLASS = YES_ERROR;
				CLANG_WARN_QUOTED_INCLUDE_IN_FRAMEWORK_HEADER = YES;
				CLANG_WARN_RANGE_LOOP_ANALYSIS = YES;
				CLANG_WARN_STRICT_PROTOTYPES = YES;
				CLANG_WARN_SUSPICIOUS_MOVE = YES;
				CLANG_WARN_UNGUARDED_AVAILABILITY = YES_AGGRESSIVE;
				CLANG_WARN_UNREACHABLE_CODE = YES;
				CLANG_WARN__DUPLICATE_METHOD_MATCH = YES;
				COPY_PHASE_STRIP = NO;
				DEBUG_INFORMATION_FORMAT = dwarf;
				ENABLE_STRICT_OBJC_MSGSEND = YES;
				ENABLE_TESTABILITY = YES;
				GCC_C_LANGUAGE_STANDARD = gnu11;
				GCC_DYNAMIC_NO_PIC = NO;
				GCC_NO_COMMON_BLOCKS = YES;
				GCC_OPTIMIZATION_LEVEL = 0;
				GCC_PREPROCESSOR_DEFINITIONS = (
					"DEBUG=1",
					"$(inherited)",
				);
				GCC_WARN_64_TO_32_BIT_CONVERSION = YES;
				GCC_WARN_ABOUT_RETURN_TYPE = YES_ERROR;
				GCC_WARN_UNDECLARED_SELECTOR = YES;
				GCC_WARN_UNINITIALIZED_AUTOS = YES_AGGRESSIVE;
				GCC_WARN_UNUSED_FUNCTION = YES;
				GCC_WARN_UNUSED_VARIABLE = YES;
				IPHONEOS_DEPLOYMENT_TARGET = 15.5;
				MTL_ENABLE_DEBUG_INFO = INCLUDE_SOURCE;
				MTL_FAST_MATH = YES;
				ONLY_ACTIVE_ARCH = YES;
				SDKROOT = iphoneos;
				SWIFT_ACTIVE_COMPILATION_CONDITIONS = DEBUG;
				SWIFT_OPTIMIZATION_LEVEL = "-Onone";
			};
			name = Debug;
		};
		5D7FDD0228A9516B009934DF /* Release */ = {
			isa = XCBuildConfiguration;
			buildSettings = {
				ALWAYS_SEARCH_USER_PATHS = NO;
				CLANG_ANALYZER_NONNULL = YES;
				CLANG_ANALYZER_NUMBER_OBJECT_CONVERSION = YES_AGGRESSIVE;
				CLANG_CXX_LANGUAGE_STANDARD = "gnu++17";
				CLANG_ENABLE_MODULES = YES;
				CLANG_ENABLE_OBJC_ARC = YES;
				CLANG_ENABLE_OBJC_WEAK = YES;
				CLANG_WARN_BLOCK_CAPTURE_AUTORELEASING = YES;
				CLANG_WARN_BOOL_CONVERSION = YES;
				CLANG_WARN_COMMA = YES;
				CLANG_WARN_CONSTANT_CONVERSION = YES;
				CLANG_WARN_DEPRECATED_OBJC_IMPLEMENTATIONS = YES;
				CLANG_WARN_DIRECT_OBJC_ISA_USAGE = YES_ERROR;
				CLANG_WARN_DOCUMENTATION_COMMENTS = YES;
				CLANG_WARN_EMPTY_BODY = YES;
				CLANG_WARN_ENUM_CONVERSION = YES;
				CLANG_WARN_INFINITE_RECURSION = YES;
				CLANG_WARN_INT_CONVERSION = YES;
				CLANG_WARN_NON_LITERAL_NULL_CONVERSION = YES;
				CLANG_WARN_OBJC_IMPLICIT_RETAIN_SELF = YES;
				CLANG_WARN_OBJC_LITERAL_CONVERSION = YES;
				CLANG_WARN_OBJC_ROOT_CLASS = YES_ERROR;
				CLANG_WARN_QUOTED_INCLUDE_IN_FRAMEWORK_HEADER = YES;
				CLANG_WARN_RANGE_LOOP_ANALYSIS = YES;
				CLANG_WARN_STRICT_PROTOTYPES = YES;
				CLANG_WARN_SUSPICIOUS_MOVE = YES;
				CLANG_WARN_UNGUARDED_AVAILABILITY = YES_AGGRESSIVE;
				CLANG_WARN_UNREACHABLE_CODE = YES;
				CLANG_WARN__DUPLICATE_METHOD_MATCH = YES;
				COPY_PHASE_STRIP = NO;
				DEBUG_INFORMATION_FORMAT = "dwarf-with-dsym";
				ENABLE_NS_ASSERTIONS = NO;
				ENABLE_STRICT_OBJC_MSGSEND = YES;
				GCC_C_LANGUAGE_STANDARD = gnu11;
				GCC_NO_COMMON_BLOCKS = YES;
				GCC_WARN_64_TO_32_BIT_CONVERSION = YES;
				GCC_WARN_ABOUT_RETURN_TYPE = YES_ERROR;
				GCC_WARN_UNDECLARED_SELECTOR = YES;
				GCC_WARN_UNINITIALIZED_AUTOS = YES_AGGRESSIVE;
				GCC_WARN_UNUSED_FUNCTION = YES;
				GCC_WARN_UNUSED_VARIABLE = YES;
				IPHONEOS_DEPLOYMENT_TARGET = 15.5;
				MTL_ENABLE_DEBUG_INFO = NO;
				MTL_FAST_MATH = YES;
				SDKROOT = iphoneos;
				SWIFT_COMPILATION_MODE = wholemodule;
				SWIFT_OPTIMIZATION_LEVEL = "-O";
				VALIDATE_PRODUCT = YES;
			};
			name = Release;
		};
		5D7FDD0428A9516B009934DF /* Debug */ = {
			isa = XCBuildConfiguration;
			buildSettings = {
				ASSETCATALOG_COMPILER_APPICON_NAME = AppIcon;
				ASSETCATALOG_COMPILER_GLOBAL_ACCENT_COLOR_NAME = AccentColor;
				CODE_SIGN_STYLE = Automatic;
				CURRENT_PROJECT_VERSION = 1;
				DEVELOPMENT_ASSET_PATHS = "\"GameStream/Preview Content\"";
				DEVELOPMENT_TEAM = 9463G4D4A3;
				ENABLE_PREVIEWS = YES;
				GENERATE_INFOPLIST_FILE = YES;
				INFOPLIST_KEY_UIApplicationSceneManifest_Generation = YES;
				INFOPLIST_KEY_UIApplicationSupportsIndirectInputEvents = YES;
				INFOPLIST_KEY_UILaunchScreen_Generation = YES;
				INFOPLIST_KEY_UISupportedInterfaceOrientations_iPad = "UIInterfaceOrientationPortrait UIInterfaceOrientationPortraitUpsideDown UIInterfaceOrientationLandscapeLeft UIInterfaceOrientationLandscapeRight";
				INFOPLIST_KEY_UISupportedInterfaceOrientations_iPhone = "UIInterfaceOrientationPortrait UIInterfaceOrientationLandscapeLeft UIInterfaceOrientationLandscapeRight";
				LD_RUNPATH_SEARCH_PATHS = (
					"$(inherited)",
					"@executable_path/Frameworks",
				);
				MARKETING_VERSION = 1.0;
				PRODUCT_BUNDLE_IDENTIFIER = mamesoke.GameStream;
				PRODUCT_NAME = "$(TARGET_NAME)";
				SWIFT_EMIT_LOC_STRINGS = YES;
				SWIFT_VERSION = 5.0;
				TARGETED_DEVICE_FAMILY = "1,2";
			};
			name = Debug;
		};
		5D7FDD0528A9516B009934DF /* Release */ = {
			isa = XCBuildConfiguration;
			buildSettings = {
				ASSETCATALOG_COMPILER_APPICON_NAME = AppIcon;
				ASSETCATALOG_COMPILER_GLOBAL_ACCENT_COLOR_NAME = AccentColor;
				CODE_SIGN_STYLE = Automatic;
				CURRENT_PROJECT_VERSION = 1;
				DEVELOPMENT_ASSET_PATHS = "\"GameStream/Preview Content\"";
				DEVELOPMENT_TEAM = 9463G4D4A3;
				ENABLE_PREVIEWS = YES;
				GENERATE_INFOPLIST_FILE = YES;
				INFOPLIST_KEY_UIApplicationSceneManifest_Generation = YES;
				INFOPLIST_KEY_UIApplicationSupportsIndirectInputEvents = YES;
				INFOPLIST_KEY_UILaunchScreen_Generation = YES;
				INFOPLIST_KEY_UISupportedInterfaceOrientations_iPad = "UIInterfaceOrientationPortrait UIInterfaceOrientationPortraitUpsideDown UIInterfaceOrientationLandscapeLeft UIInterfaceOrientationLandscapeRight";
				INFOPLIST_KEY_UISupportedInterfaceOrientations_iPhone = "UIInterfaceOrientationPortrait UIInterfaceOrientationLandscapeLeft UIInterfaceOrientationLandscapeRight";
				LD_RUNPATH_SEARCH_PATHS = (
					"$(inherited)",
					"@executable_path/Frameworks",
				);
				MARKETING_VERSION = 1.0;
				PRODUCT_BUNDLE_IDENTIFIER = mamesoke.GameStream;
				PRODUCT_NAME = "$(TARGET_NAME)";
				SWIFT_EMIT_LOC_STRINGS = YES;
				SWIFT_VERSION = 5.0;
				TARGETED_DEVICE_FAMILY = "1,2";
			};
			name = Release;
		};
		5D7FDD0728A9516B009934DF /* Debug */ = {
			isa = XCBuildConfiguration;
			buildSettings = {
				ALWAYS_EMBED_SWIFT_STANDARD_LIBRARIES = YES;
				BUNDLE_LOADER = "$(TEST_HOST)";
				CODE_SIGN_STYLE = Automatic;
				CURRENT_PROJECT_VERSION = 1;
				DEVELOPMENT_TEAM = 9463G4D4A3;
				GENERATE_INFOPLIST_FILE = YES;
				IPHONEOS_DEPLOYMENT_TARGET = 15.5;
				MARKETING_VERSION = 1.0;
				PRODUCT_BUNDLE_IDENTIFIER = mamesoke.GameStreamTests;
				PRODUCT_NAME = "$(TARGET_NAME)";
				SWIFT_EMIT_LOC_STRINGS = NO;
				SWIFT_VERSION = 5.0;
				TARGETED_DEVICE_FAMILY = "1,2";
				TEST_HOST = "$(BUILT_PRODUCTS_DIR)/GameStream.app/GameStream";
			};
			name = Debug;
		};
		5D7FDD0828A9516B009934DF /* Release */ = {
			isa = XCBuildConfiguration;
			buildSettings = {
				ALWAYS_EMBED_SWIFT_STANDARD_LIBRARIES = YES;
				BUNDLE_LOADER = "$(TEST_HOST)";
				CODE_SIGN_STYLE = Automatic;
				CURRENT_PROJECT_VERSION = 1;
				DEVELOPMENT_TEAM = 9463G4D4A3;
				GENERATE_INFOPLIST_FILE = YES;
				IPHONEOS_DEPLOYMENT_TARGET = 15.5;
				MARKETING_VERSION = 1.0;
				PRODUCT_BUNDLE_IDENTIFIER = mamesoke.GameStreamTests;
				PRODUCT_NAME = "$(TARGET_NAME)";
				SWIFT_EMIT_LOC_STRINGS = NO;
				SWIFT_VERSION = 5.0;
				TARGETED_DEVICE_FAMILY = "1,2";
				TEST_HOST = "$(BUILT_PRODUCTS_DIR)/GameStream.app/GameStream";
			};
			name = Release;
		};
		5D7FDD0A28A9516B009934DF /* Debug */ = {
			isa = XCBuildConfiguration;
			buildSettings = {
				ALWAYS_EMBED_SWIFT_STANDARD_LIBRARIES = YES;
				CODE_SIGN_STYLE = Automatic;
				CURRENT_PROJECT_VERSION = 1;
				DEVELOPMENT_TEAM = 9463G4D4A3;
				GENERATE_INFOPLIST_FILE = YES;
				MARKETING_VERSION = 1.0;
				PRODUCT_BUNDLE_IDENTIFIER = mamesoke.GameStreamUITests;
				PRODUCT_NAME = "$(TARGET_NAME)";
				SWIFT_EMIT_LOC_STRINGS = NO;
				SWIFT_VERSION = 5.0;
				TARGETED_DEVICE_FAMILY = "1,2";
				TEST_TARGET_NAME = GameStream;
			};
			name = Debug;
		};
		5D7FDD0B28A9516B009934DF /* Release */ = {
			isa = XCBuildConfiguration;
			buildSettings = {
				ALWAYS_EMBED_SWIFT_STANDARD_LIBRARIES = YES;
				CODE_SIGN_STYLE = Automatic;
				CURRENT_PROJECT_VERSION = 1;
				DEVELOPMENT_TEAM = 9463G4D4A3;
				GENERATE_INFOPLIST_FILE = YES;
				MARKETING_VERSION = 1.0;
				PRODUCT_BUNDLE_IDENTIFIER = mamesoke.GameStreamUITests;
				PRODUCT_NAME = "$(TARGET_NAME)";
				SWIFT_EMIT_LOC_STRINGS = NO;
				SWIFT_VERSION = 5.0;
				TARGETED_DEVICE_FAMILY = "1,2";
				TEST_TARGET_NAME = GameStream;
			};
			name = Release;
		};
/* End XCBuildConfiguration section */

/* Begin XCConfigurationList section */
		5D7FDCDA28A95169009934DF /* Build configuration list for PBXProject "GameStream" */ = {
			isa = XCConfigurationList;
			buildConfigurations = (
				5D7FDD0128A9516B009934DF /* Debug */,
				5D7FDD0228A9516B009934DF /* Release */,
			);
			defaultConfigurationIsVisible = 0;
			defaultConfigurationName = Release;
		};
		5D7FDD0328A9516B009934DF /* Build configuration list for PBXNativeTarget "GameStream" */ = {
			isa = XCConfigurationList;
			buildConfigurations = (
				5D7FDD0428A9516B009934DF /* Debug */,
				5D7FDD0528A9516B009934DF /* Release */,
			);
			defaultConfigurationIsVisible = 0;
			defaultConfigurationName = Release;
		};
		5D7FDD0628A9516B009934DF /* Build configuration list for PBXNativeTarget "GameStreamTests" */ = {
			isa = XCConfigurationList;
			buildConfigurations = (
				5D7FDD0728A9516B009934DF /* Debug */,
				5D7FDD0828A9516B009934DF /* Release */,
			);
			defaultConfigurationIsVisible = 0;
			defaultConfigurationName = Release;
		};
		5D7FDD0928A9516B009934DF /* Build configuration list for PBXNativeTarget "GameStreamUITests" */ = {
			isa = XCConfigurationList;
			buildConfigurations = (
				5D7FDD0A28A9516B009934DF /* Debug */,
				5D7FDD0B28A9516B009934DF /* Release */,
			);
			defaultConfigurationIsVisible = 0;
			defaultConfigurationName = Release;
		};
/* End XCConfigurationList section */
	};
	rootObject = 5D7FDCD728A95169009934DF /* Project object */;
}
